
Microsoft Visual Studio Solution File, Format Version 12.00
# Visual Studio Version 16
VisualStudioVersion = 16.0.31313.79
MinimumVisualStudioVersion = 10.0.40219.1
Project("{FAE04EC0-301F-11D3-BF4B-00C04F79EFBC}") = "SecureClient", "SecureClient\SecureClient.csproj", "{AB4BFC3E-C5BE-4B01-B973-A1D525BA07F6}"
EndProject
Global
	GlobalSection(SolutionConfigurationPlatforms) = preSolution
		Debug|Any CPU = Debug|Any CPU
		Release|Any CPU = Release|Any CPU
	EndGlobalSection
	GlobalSection(ProjectConfigurationPlatforms) = postSolution
		{AB4BFC3E-C5BE-4B01-B973-A1D525BA07F6}.Debug|Any CPU.ActiveCfg = Debug|Any CPU
		{AB4BFC3E-C5BE-4B01-B973-A1D525BA07F6}.Debug|Any CPU.Build.0 = Debug|Any CPU
		{AB4BFC3E-C5BE-4B01-B973-A1D525BA07F6}.Release|Any CPU.ActiveCfg = Release|Any CPU
		{AB4BFC3E-C5BE-4B01-B973-A1D525BA07F6}.Release|Any CPU.Build.0 = Release|Any CPU
	EndGlobalSection
	GlobalSection(SolutionProperties) = preSolution
		HideSolutionNode = FALSE
	EndGlobalSection
	GlobalSection(ExtensibilityGlobals) = postSolution
		SolutionGuid = {AF316CFB-DDD6-473C-8EE2-3C1B3E5A949E}
	EndGlobalSection
EndGlobal
